
Microsoft Visual Studio Solution File, Format Version 12.00
# Visual Studio 15
VisualStudioVersion = 15.0.26124.0
MinimumVisualStudioVersion = 15.0.26124.0
Project("{FAE04EC0-301F-11D3-BF4B-00C04F79EFBC}") = "GameTOP", "GameTOP\GameTOP.csproj", "{103BDB2C-44D0-4308-B79F-D1DFBEDA05CC}"
EndProject
Project("{FAE04EC0-301F-11D3-BF4B-00C04F79EFBC}") = "GameTOP.lib", "GameTOP.lib\GameTOP.lib.csproj", "{FCCBAA97-5670-4D0D-86CF-47801B06AA8A}"
EndProject
Project("{FAE04EC0-301F-11D3-BF4B-00C04F79EFBC}") = "GameTOP.Interface", "GameTOP.Interface\GameTOP.Interface.csproj", "{77351077-B6DF-494E-8999-5066D2428888}"
EndProject
Global
	GlobalSection(SolutionConfigurationPlatforms) = preSolution
		Debug|Any CPU = Debug|Any CPU
		Debug|x64 = Debug|x64
		Debug|x86 = Debug|x86
		Release|Any CPU = Release|Any CPU
		Release|x64 = Release|x64
		Release|x86 = Release|x86
	EndGlobalSection
	GlobalSection(SolutionProperties) = preSolution
		HideSolutionNode = FALSE
	EndGlobalSection
	GlobalSection(ProjectConfigurationPlatforms) = postSolution
		{103BDB2C-44D0-4308-B79F-D1DFBEDA05CC}.Debug|Any CPU.ActiveCfg = Debug|Any CPU
		{103BDB2C-44D0-4308-B79F-D1DFBEDA05CC}.Debug|Any CPU.Build.0 = Debug|Any CPU
		{103BDB2C-44D0-4308-B79F-D1DFBEDA05CC}.Debug|x64.ActiveCfg = Debug|Any CPU
		{103BDB2C-44D0-4308-B79F-D1DFBEDA05CC}.Debug|x64.Build.0 = Debug|Any CPU
		{103BDB2C-44D0-4308-B79F-D1DFBEDA05CC}.Debug|x86.ActiveCfg = Debug|Any CPU
		{103BDB2C-44D0-4308-B79F-D1DFBEDA05CC}.Debug|x86.Build.0 = Debug|Any CPU
		{103BDB2C-44D0-4308-B79F-D1DFBEDA05CC}.Release|Any CPU.ActiveCfg = Release|Any CPU
		{103BDB2C-44D0-4308-B79F-D1DFBEDA05CC}.Release|Any CPU.Build.0 = Release|Any CPU
		{103BDB2C-44D0-4308-B79F-D1DFBEDA05CC}.Release|x64.ActiveCfg = Release|Any CPU
		{103BDB2C-44D0-4308-B79F-D1DFBEDA05CC}.Release|x64.Build.0 = Release|Any CPU
		{103BDB2C-44D0-4308-B79F-D1DFBEDA05CC}.Release|x86.ActiveCfg = Release|Any CPU
		{103BDB2C-44D0-4308-B79F-D1DFBEDA05CC}.Release|x86.Build.0 = Release|Any CPU
		{FCCBAA97-5670-4D0D-86CF-47801B06AA8A}.Debug|Any CPU.ActiveCfg = Debug|Any CPU
		{FCCBAA97-5670-4D0D-86CF-47801B06AA8A}.Debug|Any CPU.Build.0 = Debug|Any CPU
		{FCCBAA97-5670-4D0D-86CF-47801B06AA8A}.Debug|x64.ActiveCfg = Debug|Any CPU
		{FCCBAA97-5670-4D0D-86CF-47801B06AA8A}.Debug|x64.Build.0 = Debug|Any CPU
		{FCCBAA97-5670-4D0D-86CF-47801B06AA8A}.Debug|x86.ActiveCfg = Debug|Any CPU
		{FCCBAA97-5670-4D0D-86CF-47801B06AA8A}.Debug|x86.Build.0 = Debug|Any CPU
		{FCCBAA97-5670-4D0D-86CF-47801B06AA8A}.Release|Any CPU.ActiveCfg = Release|Any CPU
		{FCCBAA97-5670-4D0D-86CF-47801B06AA8A}.Release|Any CPU.Build.0 = Release|Any CPU
		{FCCBAA97-5670-4D0D-86CF-47801B06AA8A}.Release|x64.ActiveCfg = Release|Any CPU
		{FCCBAA97-5670-4D0D-86CF-47801B06AA8A}.Release|x64.Build.0 = Release|Any CPU
		{FCCBAA97-5670-4D0D-86CF-47801B06AA8A}.Release|x86.ActiveCfg = Release|Any CPU
		{FCCBAA97-5670-4D0D-86CF-47801B06AA8A}.Release|x86.Build.0 = Release|Any CPU
		{77351077-B6DF-494E-8999-5066D2428888}.Debug|Any CPU.ActiveCfg = Debug|Any CPU
		{77351077-B6DF-494E-8999-5066D2428888}.Debug|Any CPU.Build.0 = Debug|Any CPU
		{77351077-B6DF-494E-8999-5066D2428888}.Debug|x64.ActiveCfg = Debug|Any CPU
		{77351077-B6DF-494E-8999-5066D2428888}.Debug|x64.Build.0 = Debug|Any CPU
		{77351077-B6DF-494E-8999-5066D2428888}.Debug|x86.ActiveCfg = Debug|Any CPU
		{77351077-B6DF-494E-8999-5066D2428888}.Debug|x86.Build.0 = Debug|Any CPU
		{77351077-B6DF-494E-8999-5066D2428888}.Release|Any CPU.ActiveCfg = Release|Any CPU
		{77351077-B6DF-494E-8999-5066D2428888}.Release|Any CPU.Build.0 = Release|Any CPU
		{77351077-B6DF-494E-8999-5066D2428888}.Release|x64.ActiveCfg = Release|Any CPU
		{77351077-B6DF-494E-8999-5066D2428888}.Release|x64.Build.0 = Release|Any CPU
		{77351077-B6DF-494E-8999-5066D2428888}.Release|x86.ActiveCfg = Release|Any CPU
		{77351077-B6DF-494E-8999-5066D2428888}.Release|x86.Build.0 = Release|Any CPU
	EndGlobalSection
EndGlobal
